{
  "name": "@oat-sa/tao-test",
  "version": "0.1.0",
  "lockfileVersion": 1,
  "requires": true,
  "dependencies": {
    "@oat-sa/tao-test-runner": {
      "version": "github:oat-sa/tao-test-runner-fe#1829227f59f626de593c599ba19709afb02f9370",
      "from": "github:oat-sa/tao-test-runner-fe#breaking/TDR-10_upgrade-jquery"
    }
  }
}
