{
  "name": "@oat-sa/tao-test",
  "version": "0.1.0",
  "lockfileVersion": 1,
  "requires": true,
  "dependencies": {
    "@oat-sa/tao-test-runner": {
      "version": "github:oat-sa/tao-test-runner-fe#f815f69fd895efb0df2cf576df7687b13af7bd62",
      "from": "github:oat-sa/tao-test-runner-fe#feature/NEX-1554/runner-component-set-loaded-plugins"
    }
  }
}
