{
  "name": "@oat-sa/tao-test",
  "version": "0.1.1",
  "lockfileVersion": 1,
  "requires": true,
  "dependencies": {
    "@oat-sa/tao-item-runner": {
      "version": "0.8.1",
      "resolved": "https://registry.npmjs.org/@oat-sa/tao-item-runner/-/tao-item-runner-0.8.1.tgz",
      "integrity": "sha512-KgC+Se8AyLDd3CoGaIPMRorihdN7ch/3RajkgSvlrz+yLLPrpZ71qGHm1rtM83ti9qyfA5gA7cgSjmHp4H7MOQ=="
    },
    "@oat-sa/tao-test-runner": {
      "version": "0.8.2",
      "resolved": "https://registry.npmjs.org/@oat-sa/tao-test-runner/-/tao-test-runner-0.8.2.tgz",
      "integrity": "sha512-ST02MMrl/ffPZyg0kTx4Rx9HotYVrkeyudF1Xujs7Bh5Mx2keTLy5Gf9hx1pff/OWHZHt8Wce6Sn6peH4EwNPQ=="
    }
  }
}
